
Microsoft Visual Studio Solution File, Format Version 11.00
# Visual Studio 2010
Project("{FAE04EC0-301F-11D3-BF4B-00C04F79EFBC}") = "Assembly-CSharp", "Assembly-CSharp.csproj", "{66D56576-429F-226E-8C9D-75E7AC837FBB}"
EndProject
Project("{FAE04EC0-301F-11D3-BF4B-00C04F79EFBC}") = "Assembly-CSharp-firstpass", "Assembly-CSharp-firstpass.csproj", "{4360FF6E-3E33-D366-1AA3-4BC2548799A6}"
EndProject
Project("{FAE04EC0-301F-11D3-BF4B-00C04F79EFBC}") = "Assembly-CSharp-Editor-firstpass", "Assembly-CSharp-Editor-firstpass.csproj", "{433CA52F-412F-7105-7226-357650E34B65}"
EndProject
Project("{FAE04EC0-301F-11D3-BF4B-00C04F79EFBC}") = "Assembly-CSharp-Editor", "Assembly-CSharp-Editor.csproj", "{E9A40D12-8A1E-ADDB-9AD8-0F67061112FB}"
EndProject
Global
	GlobalSection(SolutionConfigurationPlatforms) = preSolution
		Debug|Any CPU = Debug|Any CPU
		Release|Any CPU = Release|Any CPU
	EndGlobalSection
	GlobalSection(ProjectConfigurationPlatforms) = postSolution
		{66D56576-429F-226E-8C9D-75E7AC837FBB}.Debug|Any CPU.ActiveCfg = Debug|Any CPU
		{66D56576-429F-226E-8C9D-75E7AC837FBB}.Debug|Any CPU.Build.0 = Debug|Any CPU
		{66D56576-429F-226E-8C9D-75E7AC837FBB}.Release|Any CPU.ActiveCfg = Release|Any CPU
		{66D56576-429F-226E-8C9D-75E7AC837FBB}.Release|Any CPU.Build.0 = Release|Any CPU
		{4360FF6E-3E33-D366-1AA3-4BC2548799A6}.Debug|Any CPU.ActiveCfg = Debug|Any CPU
		{4360FF6E-3E33-D366-1AA3-4BC2548799A6}.Debug|Any CPU.Build.0 = Debug|Any CPU
		{4360FF6E-3E33-D366-1AA3-4BC2548799A6}.Release|Any CPU.ActiveCfg = Release|Any CPU
		{4360FF6E-3E33-D366-1AA3-4BC2548799A6}.Release|Any CPU.Build.0 = Release|Any CPU
		{433CA52F-412F-7105-7226-357650E34B65}.Debug|Any CPU.ActiveCfg = Debug|Any CPU
		{433CA52F-412F-7105-7226-357650E34B65}.Debug|Any CPU.Build.0 = Debug|Any CPU
		{433CA52F-412F-7105-7226-357650E34B65}.Release|Any CPU.ActiveCfg = Release|Any CPU
		{433CA52F-412F-7105-7226-357650E34B65}.Release|Any CPU.Build.0 = Release|Any CPU
		{E9A40D12-8A1E-ADDB-9AD8-0F67061112FB}.Debug|Any CPU.ActiveCfg = Debug|Any CPU
		{E9A40D12-8A1E-ADDB-9AD8-0F67061112FB}.Debug|Any CPU.Build.0 = Debug|Any CPU
		{E9A40D12-8A1E-ADDB-9AD8-0F67061112FB}.Release|Any CPU.ActiveCfg = Release|Any CPU
		{E9A40D12-8A1E-ADDB-9AD8-0F67061112FB}.Release|Any CPU.Build.0 = Release|Any CPU
	EndGlobalSection
	GlobalSection(SolutionProperties) = preSolution
		HideSolutionNode = FALSE
	EndGlobalSection
	GlobalSection(MonoDevelopProperties) = preSolution
		StartupItem = Assembly-CSharp.csproj
	EndGlobalSection
EndGlobal
